
Microsoft Visual Studio Solution File, Format Version 12.00
# Visual Studio Version 17
VisualStudioVersion = 17.9.34616.47
MinimumVisualStudioVersion = 10.0.40219.1
Project("{FAE04EC0-301F-11D3-BF4B-00C04F79EFBC}") = "3MediaN", "3MediaN\3MediaN.csproj", "{63D6B968-B714-4F7D-8176-DC59F723C952}"
EndProject
Global
	GlobalSection(SolutionConfigurationPlatforms) = preSolution
		Debug|Any CPU = Debug|Any CPU
		Release|Any CPU = Release|Any CPU
	EndGlobalSection
	GlobalSection(ProjectConfigurationPlatforms) = postSolution
		{63D6B968-B714-4F7D-8176-DC59F723C952}.Debug|Any CPU.ActiveCfg = Debug|Any CPU
		{63D6B968-B714-4F7D-8176-DC59F723C952}.Debug|Any CPU.Build.0 = Debug|Any CPU
		{63D6B968-B714-4F7D-8176-DC59F723C952}.Release|Any CPU.ActiveCfg = Release|Any CPU
		{63D6B968-B714-4F7D-8176-DC59F723C952}.Release|Any CPU.Build.0 = Release|Any CPU
	EndGlobalSection
	GlobalSection(SolutionProperties) = preSolution
		HideSolutionNode = FALSE
	EndGlobalSection
	GlobalSection(ExtensibilityGlobals) = postSolution
		SolutionGuid = {13D4144F-2FDE-4C17-AA0A-5762FA1C658B}
	EndGlobalSection
EndGlobal
